
Microsoft Visual Studio Solution File, Format Version 12.00
# Visual Studio Version 16
VisualStudioVersion = 16.0.30523.141
MinimumVisualStudioVersion = 10.0.40219.1
Project("{FAE04EC0-301F-11D3-BF4B-00C04F79EFBC}") = "HsReconnectTool", "HsReconnectTool\HsReconnectTool.csproj", "{DC7CB814-A6C4-471F-93A5-375803E1365E}"
EndProject
Project("{FAE04EC0-301F-11D3-BF4B-00C04F79EFBC}") = "UtilLib", "UtilLib\UtilLib.csproj", "{7B508ABD-D7A7-4759-8EBB-F5CA4DFADC11}"
EndProject
Project("{FAE04EC0-301F-11D3-BF4B-00C04F79EFBC}") = "DeckTrackerReconnectPlugin", "DeckTrackerReconnectPlugin\DeckTrackerReconnectPlugin.csproj", "{09B3C11F-5BCF-4DD8-9E35-17F6CF33793A}"
EndProject
Global
	GlobalSection(SolutionConfigurationPlatforms) = preSolution
		Debug|Any CPU = Debug|Any CPU
		Debug|x86 = Debug|x86
		Release|Any CPU = Release|Any CPU
		Release|x86 = Release|x86
	EndGlobalSection
	GlobalSection(ProjectConfigurationPlatforms) = postSolution
		{DC7CB814-A6C4-471F-93A5-375803E1365E}.Debug|Any CPU.ActiveCfg = Debug|Any CPU
		{DC7CB814-A6C4-471F-93A5-375803E1365E}.Debug|Any CPU.Build.0 = Debug|Any CPU
		{DC7CB814-A6C4-471F-93A5-375803E1365E}.Debug|x86.ActiveCfg = Debug|Any CPU
		{DC7CB814-A6C4-471F-93A5-375803E1365E}.Debug|x86.Build.0 = Debug|Any CPU
		{DC7CB814-A6C4-471F-93A5-375803E1365E}.Release|Any CPU.ActiveCfg = Release|Any CPU
		{DC7CB814-A6C4-471F-93A5-375803E1365E}.Release|Any CPU.Build.0 = Release|Any CPU
		{DC7CB814-A6C4-471F-93A5-375803E1365E}.Release|x86.ActiveCfg = Release|Any CPU
		{DC7CB814-A6C4-471F-93A5-375803E1365E}.Release|x86.Build.0 = Release|Any CPU
		{7B508ABD-D7A7-4759-8EBB-F5CA4DFADC11}.Debug|Any CPU.ActiveCfg = Debug|Any CPU
		{7B508ABD-D7A7-4759-8EBB-F5CA4DFADC11}.Debug|Any CPU.Build.0 = Debug|Any CPU
		{7B508ABD-D7A7-4759-8EBB-F5CA4DFADC11}.Debug|x86.ActiveCfg = Debug|Any CPU
		{7B508ABD-D7A7-4759-8EBB-F5CA4DFADC11}.Debug|x86.Build.0 = Debug|Any CPU
		{7B508ABD-D7A7-4759-8EBB-F5CA4DFADC11}.Release|Any CPU.ActiveCfg = Release|Any CPU
		{7B508ABD-D7A7-4759-8EBB-F5CA4DFADC11}.Release|Any CPU.Build.0 = Release|Any CPU
		{7B508ABD-D7A7-4759-8EBB-F5CA4DFADC11}.Release|x86.ActiveCfg = Release|Any CPU
		{7B508ABD-D7A7-4759-8EBB-F5CA4DFADC11}.Release|x86.Build.0 = Release|Any CPU
		{09B3C11F-5BCF-4DD8-9E35-17F6CF33793A}.Debug|Any CPU.ActiveCfg = Debug|Any CPU
		{09B3C11F-5BCF-4DD8-9E35-17F6CF33793A}.Debug|Any CPU.Build.0 = Debug|Any CPU
		{09B3C11F-5BCF-4DD8-9E35-17F6CF33793A}.Debug|x86.ActiveCfg = Debug|x86
		{09B3C11F-5BCF-4DD8-9E35-17F6CF33793A}.Debug|x86.Build.0 = Debug|x86
		{09B3C11F-5BCF-4DD8-9E35-17F6CF33793A}.Release|Any CPU.ActiveCfg = Release|Any CPU
		{09B3C11F-5BCF-4DD8-9E35-17F6CF33793A}.Release|Any CPU.Build.0 = Release|Any CPU
		{09B3C11F-5BCF-4DD8-9E35-17F6CF33793A}.Release|x86.ActiveCfg = Release|x86
		{09B3C11F-5BCF-4DD8-9E35-17F6CF33793A}.Release|x86.Build.0 = Release|x86
	EndGlobalSection
	GlobalSection(SolutionProperties) = preSolution
		HideSolutionNode = FALSE
	EndGlobalSection
	GlobalSection(ExtensibilityGlobals) = postSolution
		SolutionGuid = {457EF42B-2259-4A95-90C7-63502471A80C}
	EndGlobalSection
EndGlobal
